
Microsoft Visual Studio Solution File, Format Version 12.00
Project("{2150E333-8FDC-42A3-9474-1A3956D46DE8}") = "Infrastructure", "Infrastructure", "{788D331F-8A94-4265-9A0C-A9C1AE712278}"
EndProject
Project("{2150E333-8FDC-42A3-9474-1A3956D46DE8}") = "Application", "Application", "{C50EB52B-C057-463F-84C1-A52312A56D03}"
EndProject
Project("{2150E333-8FDC-42A3-9474-1A3956D46DE8}") = "src", "src", "{A5FCFC33-3C67-43A5-82AE-1CED855AF13F}"
EndProject
Project("{FAE04EC0-301F-11D3-BF4B-00C04F79EFBC}") = "Sugar_backend.Application", "Sugar_backend.Application\Sugar_backend.Application.csproj", "{815F80EC-F4A2-41F4-92A6-82F30877CDCF}"
EndProject
Project("{FAE04EC0-301F-11D3-BF4B-00C04F79EFBC}") = "Sugar_backend.Application.Abstractions", "Sugar_backend.Application.Abstractions\Sugar_backend.Application.Abstractions.csproj", "{232187DD-9D22-4F85-A75C-DDF717F89B18}"
EndProject
Project("{FAE04EC0-301F-11D3-BF4B-00C04F79EFBC}") = "Sugar_backend.Application.Contracts", "Sugar_backend.Application.Contracts\Sugar_backend.Application.Contracts.csproj", "{06F4A847-5132-449C-A1DD-895E08220181}"
EndProject
Project("{FAE04EC0-301F-11D3-BF4B-00C04F79EFBC}") = "Sugar_backend.Application.Models", "Sugar_backend.Application.Models\Sugar_backend.Application.Models.csproj", "{9978A188-B96C-4DCA-9362-8FCE9F3D5685}"
EndProject
Project("{FAE04EC0-301F-11D3-BF4B-00C04F79EFBC}") = "Sugar_backend.Infrastructure.DataAccess", "Sugar_backend.Infrastructure.DataAccess\Sugar_backend.Infrastructure.DataAccess.csproj", "{5778DF14-0C46-4771-A040-70B68AF12096}"
EndProject
Project("{2150E333-8FDC-42A3-9474-1A3956D46DE8}") = "Controllers", "Controllers", "{2F2B3EAC-FD5C-4BE1-93BD-B1151012DC52}"
EndProject
Project("{FAE04EC0-301F-11D3-BF4B-00C04F79EFBC}") = "Sugar_backend.Begin", "Sugar_backend.Begin\Sugar_backend.Begin.csproj", "{42F125A7-714C-488D-888B-304C59893F54}"
EndProject
Project("{FAE04EC0-301F-11D3-BF4B-00C04F79EFBC}") = "ConsoleApp1", "ConsoleApp1\ConsoleApp1.csproj", "{4DE0E3AD-76E0-48E1-92A8-3FCDEB2DA8E5}"
EndProject
Global
	GlobalSection(SolutionConfigurationPlatforms) = preSolution
		Debug|Any CPU = Debug|Any CPU
		Release|Any CPU = Release|Any CPU
	EndGlobalSection
	GlobalSection(ProjectConfigurationPlatforms) = postSolution
		{815F80EC-F4A2-41F4-92A6-82F30877CDCF}.Debug|Any CPU.ActiveCfg = Debug|Any CPU
		{815F80EC-F4A2-41F4-92A6-82F30877CDCF}.Debug|Any CPU.Build.0 = Debug|Any CPU
		{815F80EC-F4A2-41F4-92A6-82F30877CDCF}.Release|Any CPU.ActiveCfg = Release|Any CPU
		{815F80EC-F4A2-41F4-92A6-82F30877CDCF}.Release|Any CPU.Build.0 = Release|Any CPU
		{232187DD-9D22-4F85-A75C-DDF717F89B18}.Debug|Any CPU.ActiveCfg = Debug|Any CPU
		{232187DD-9D22-4F85-A75C-DDF717F89B18}.Debug|Any CPU.Build.0 = Debug|Any CPU
		{232187DD-9D22-4F85-A75C-DDF717F89B18}.Release|Any CPU.ActiveCfg = Release|Any CPU
		{232187DD-9D22-4F85-A75C-DDF717F89B18}.Release|Any CPU.Build.0 = Release|Any CPU
		{06F4A847-5132-449C-A1DD-895E08220181}.Debug|Any CPU.ActiveCfg = Debug|Any CPU
		{06F4A847-5132-449C-A1DD-895E08220181}.Debug|Any CPU.Build.0 = Debug|Any CPU
		{06F4A847-5132-449C-A1DD-895E08220181}.Release|Any CPU.ActiveCfg = Release|Any CPU
		{06F4A847-5132-449C-A1DD-895E08220181}.Release|Any CPU.Build.0 = Release|Any CPU
		{9978A188-B96C-4DCA-9362-8FCE9F3D5685}.Debug|Any CPU.ActiveCfg = Debug|Any CPU
		{9978A188-B96C-4DCA-9362-8FCE9F3D5685}.Debug|Any CPU.Build.0 = Debug|Any CPU
		{9978A188-B96C-4DCA-9362-8FCE9F3D5685}.Release|Any CPU.ActiveCfg = Release|Any CPU
		{9978A188-B96C-4DCA-9362-8FCE9F3D5685}.Release|Any CPU.Build.0 = Release|Any CPU
		{5778DF14-0C46-4771-A040-70B68AF12096}.Debug|Any CPU.ActiveCfg = Debug|Any CPU
		{5778DF14-0C46-4771-A040-70B68AF12096}.Debug|Any CPU.Build.0 = Debug|Any CPU
		{5778DF14-0C46-4771-A040-70B68AF12096}.Release|Any CPU.ActiveCfg = Release|Any CPU
		{5778DF14-0C46-4771-A040-70B68AF12096}.Release|Any CPU.Build.0 = Release|Any CPU
		{42F125A7-714C-488D-888B-304C59893F54}.Debug|Any CPU.ActiveCfg = Debug|Any CPU
		{42F125A7-714C-488D-888B-304C59893F54}.Debug|Any CPU.Build.0 = Debug|Any CPU
		{42F125A7-714C-488D-888B-304C59893F54}.Release|Any CPU.ActiveCfg = Release|Any CPU
		{42F125A7-714C-488D-888B-304C59893F54}.Release|Any CPU.Build.0 = Release|Any CPU
		{4DE0E3AD-76E0-48E1-92A8-3FCDEB2DA8E5}.Debug|Any CPU.ActiveCfg = Debug|Any CPU
		{4DE0E3AD-76E0-48E1-92A8-3FCDEB2DA8E5}.Debug|Any CPU.Build.0 = Debug|Any CPU
		{4DE0E3AD-76E0-48E1-92A8-3FCDEB2DA8E5}.Release|Any CPU.ActiveCfg = Release|Any CPU
		{4DE0E3AD-76E0-48E1-92A8-3FCDEB2DA8E5}.Release|Any CPU.Build.0 = Release|Any CPU
	EndGlobalSection
	GlobalSection(NestedProjects) = preSolution
		{C50EB52B-C057-463F-84C1-A52312A56D03} = {A5FCFC33-3C67-43A5-82AE-1CED855AF13F}
		{788D331F-8A94-4265-9A0C-A9C1AE712278} = {A5FCFC33-3C67-43A5-82AE-1CED855AF13F}
		{815F80EC-F4A2-41F4-92A6-82F30877CDCF} = {C50EB52B-C057-463F-84C1-A52312A56D03}
		{232187DD-9D22-4F85-A75C-DDF717F89B18} = {C50EB52B-C057-463F-84C1-A52312A56D03}
		{06F4A847-5132-449C-A1DD-895E08220181} = {C50EB52B-C057-463F-84C1-A52312A56D03}
		{9978A188-B96C-4DCA-9362-8FCE9F3D5685} = {C50EB52B-C057-463F-84C1-A52312A56D03}
		{5778DF14-0C46-4771-A040-70B68AF12096} = {788D331F-8A94-4265-9A0C-A9C1AE712278}
		{2F2B3EAC-FD5C-4BE1-93BD-B1151012DC52} = {A5FCFC33-3C67-43A5-82AE-1CED855AF13F}
		{42F125A7-714C-488D-888B-304C59893F54} = {2F2B3EAC-FD5C-4BE1-93BD-B1151012DC52}
		{4DE0E3AD-76E0-48E1-92A8-3FCDEB2DA8E5} = {A5FCFC33-3C67-43A5-82AE-1CED855AF13F}
	EndGlobalSection
EndGlobal
